# THIS IS AN AUTOGENERATED FILE. DO NOT EDIT THIS FILE DIRECTLY.
# yarn lockfile v1


dotenv@^16.0.0:
  version "16.0.0"
  resolved "https://registry.npmjs.org/dotenv/-/dotenv-16.0.0.tgz"

typescript@^4.6.3:
  version "4.6.3"
  resolved "https://registry.npmjs.org/typescript/-/typescript-4.6.3.tgz"

undici@^5.8.2:
  version "5.8.2"
  resolved "https://registry.yarnpkg.com/undici/-/undici-5.8.2.tgz#071fc8a6a5d24db0ad510ad442f607d9b09d5eec"
